// !$*UTF8*$!
{
	archiveVersion = 1;
	classes = {
	};
	objectVersion = 56;
	objects = {

/* Begin PBXBuildFile section */
		701ED89C291CC0FA0007BB63 /* NetworkDataFetcher.swift in Sources */ = {isa = PBXBuildFile; fileRef = 701ED89B291CC0FA0007BB63 /* NetworkDataFetcher.swift */; };
		701ED89E291CC1D60007BB63 /* SearchResults.swift in Sources */ = {isa = PBXBuildFile; fileRef = 701ED89D291CC1D60007BB63 /* SearchResults.swift */; };
		701F6359290AE42600E3AF95 /* NetworkService.swift in Sources */ = {isa = PBXBuildFile; fileRef = 701F6358290AE42600E3AF95 /* NetworkService.swift */; };
		70C58CF92901814B00062A29 /* AppDelegate.swift in Sources */ = {isa = PBXBuildFile; fileRef = 70C58CF82901814B00062A29 /* AppDelegate.swift */; };
		70C58CFB2901814B00062A29 /* SceneDelegate.swift in Sources */ = {isa = PBXBuildFile; fileRef = 70C58CFA2901814B00062A29 /* SceneDelegate.swift */; };
		70C58D022901814C00062A29 /* Assets.xcassets in Resources */ = {isa = PBXBuildFile; fileRef = 70C58D012901814C00062A29 /* Assets.xcassets */; };
		70C58D052901814C00062A29 /* LaunchScreen.storyboard in Resources */ = {isa = PBXBuildFile; fileRef = 70C58D032901814C00062A29 /* LaunchScreen.storyboard */; };
		70C58D0D290183C400062A29 /* MainTabBarController.swift in Sources */ = {isa = PBXBuildFile; fileRef = 70C58D0C290183C400062A29 /* MainTabBarController.swift */; };
		70C58D0F2901851700062A29 /* .gitignore in Resources */ = {isa = PBXBuildFile; fileRef = 70C58D0E2901851700062A29 /* .gitignore */; };
		70C58D1129018AE000062A29 /* ImagesCollectionViewController.swift in Sources */ = {isa = PBXBuildFile; fileRef = 70C58D1029018AE000062A29 /* ImagesCollectionViewController.swift */; };
		70C58D1329018BC000062A29 /* ViewController.swift in Sources */ = {isa = PBXBuildFile; fileRef = 70C58D1229018BC000062A29 /* ViewController.swift */; };
/* End PBXBuildFile section */

/* Begin PBXFileReference section */
		701ED89B291CC0FA0007BB63 /* NetworkDataFetcher.swift */ = {isa = PBXFileReference; lastKnownFileType = sourcecode.swift; path = NetworkDataFetcher.swift; sourceTree = "<group>"; };
		701ED89D291CC1D60007BB63 /* SearchResults.swift */ = {isa = PBXFileReference; lastKnownFileType = sourcecode.swift; path = SearchResults.swift; sourceTree = "<group>"; };
		701F6358290AE42600E3AF95 /* NetworkService.swift */ = {isa = PBXFileReference; lastKnownFileType = sourcecode.swift; path = NetworkService.swift; sourceTree = "<group>"; };
		70C58CF52901814B00062A29 /* Images.app */ = {isa = PBXFileReference; explicitFileType = wrapper.application; includeInIndex = 0; path = Images.app; sourceTree = BUILT_PRODUCTS_DIR; };
		70C58CF82901814B00062A29 /* AppDelegate.swift */ = {isa = PBXFileReference; lastKnownFileType = sourcecode.swift; path = AppDelegate.swift; sourceTree = "<group>"; };
		70C58CFA2901814B00062A29 /* SceneDelegate.swift */ = {isa = PBXFileReference; lastKnownFileType = sourcecode.swift; path = SceneDelegate.swift; sourceTree = "<group>"; };
		70C58D012901814C00062A29 /* Assets.xcassets */ = {isa = PBXFileReference; lastKnownFileType = folder.assetcatalog; path = Assets.xcassets; sourceTree = "<group>"; };
		70C58D042901814C00062A29 /* Base */ = {isa = PBXFileReference; lastKnownFileType = file.storyboard; name = Base; path = Base.lproj/LaunchScreen.storyboard; sourceTree = "<group>"; };
		70C58D062901814C00062A29 /* Info.plist */ = {isa = PBXFileReference; lastKnownFileType = text.plist.xml; path = Info.plist; sourceTree = "<group>"; };
		70C58D0C290183C400062A29 /* MainTabBarController.swift */ = {isa = PBXFileReference; lastKnownFileType = sourcecode.swift; path = MainTabBarController.swift; sourceTree = "<group>"; };
		70C58D0E2901851700062A29 /* .gitignore */ = {isa = PBXFileReference; lastKnownFileType = text; path = .gitignore; sourceTree = "<group>"; };
		70C58D1029018AE000062A29 /* ImagesCollectionViewController.swift */ = {isa = PBXFileReference; lastKnownFileType = sourcecode.swift; path = ImagesCollectionViewController.swift; sourceTree = "<group>"; };
		70C58D1229018BC000062A29 /* ViewController.swift */ = {isa = PBXFileReference; fileEncoding = 4; lastKnownFileType = sourcecode.swift; path = ViewController.swift; sourceTree = "<group>"; };
/* End PBXFileReference section */

/* Begin PBXFrameworksBuildPhase section */
		70C58CF22901814B00062A29 /* Frameworks */ = {
			isa = PBXFrameworksBuildPhase;
			buildActionMask = 2147483647;
			files = (
			);
			runOnlyForDeploymentPostprocessing = 0;
		};
/* End PBXFrameworksBuildPhase section */

/* Begin PBXGroup section */
		701ED897291A424E0007BB63 /* App */ = {
			isa = PBXGroup;
			children = (
				70C58CF82901814B00062A29 /* AppDelegate.swift */,
				70C58CFA2901814B00062A29 /* SceneDelegate.swift */,
				70C58D032901814C00062A29 /* LaunchScreen.storyboard */,
			);
			name = App;
			sourceTree = "<group>";
		};
		701ED898291A426A0007BB63 /* Controller */ = {
			isa = PBXGroup;
			children = (
				70C58D1229018BC000062A29 /* ViewController.swift */,
				70C58D0C290183C400062A29 /* MainTabBarController.swift */,
				70C58D1029018AE000062A29 /* ImagesCollectionViewController.swift */,
			);
			name = Controller;
			sourceTree = "<group>";
		};
		701ED899291C045B0007BB63 /* Service */ = {
			isa = PBXGroup;
			children = (
				701ED89B291CC0FA0007BB63 /* NetworkDataFetcher.swift */,
				701F6358290AE42600E3AF95 /* NetworkService.swift */,
				701ED89F291CC2700007BB63 /* Models */,
			);
			name = Service;
			sourceTree = "<group>";
		};
		701ED89A291CC0980007BB63 /* Model */ = {
			isa = PBXGroup;
			children = (
			);
			path = Model;
			sourceTree = "<group>";
		};
		701ED89F291CC2700007BB63 /* Models */ = {
			isa = PBXGroup;
			children = (
				701ED89D291CC1D60007BB63 /* SearchResults.swift */,
			);
			name = Models;
			sourceTree = "<group>";
		};
		70C58CEC2901814B00062A29 = {
			isa = PBXGroup;
			children = (
				70C58D0E2901851700062A29 /* .gitignore */,
				70C58CF72901814B00062A29 /* Images */,
				70C58CF62901814B00062A29 /* Products */,
			);
			sourceTree = "<group>";
		};
		70C58CF62901814B00062A29 /* Products */ = {
			isa = PBXGroup;
			children = (
				70C58CF52901814B00062A29 /* Images.app */,
			);
			name = Products;
			sourceTree = "<group>";
		};
		70C58CF72901814B00062A29 /* Images */ = {
			isa = PBXGroup;
			children = (
				701ED897291A424E0007BB63 /* App */,
				701ED89A291CC0980007BB63 /* Model */,
				701ED898291A426A0007BB63 /* Controller */,
				701ED899291C045B0007BB63 /* Service */,
				70C58D012901814C00062A29 /* Assets.xcassets */,
				70C58D062901814C00062A29 /* Info.plist */,
			);
			path = Images;
			sourceTree = "<group>";
		};
/* End PBXGroup section */

/* Begin PBXNativeTarget section */
		70C58CF42901814B00062A29 /* Images */ = {
			isa = PBXNativeTarget;
			buildConfigurationList = 70C58D092901814C00062A29 /* Build configuration list for PBXNativeTarget "Images" */;
			buildPhases = (
				70C58CF12901814B00062A29 /* Sources */,
				70C58CF22901814B00062A29 /* Frameworks */,
				70C58CF32901814B00062A29 /* Resources */,
			);
			buildRules = (
			);
			dependencies = (
			);
			name = Images;
			productName = Images;
			productReference = 70C58CF52901814B00062A29 /* Images.app */;
			productType = "com.apple.product-type.application";
		};
/* End PBXNativeTarget section */

/* Begin PBXProject section */
		70C58CED2901814B00062A29 /* Project object */ = {
			isa = PBXProject;
			attributes = {
				BuildIndependentTargetsInParallel = 1;
				LastSwiftUpdateCheck = 1400;
				LastUpgradeCheck = 1400;
				TargetAttributes = {
					70C58CF42901814B00062A29 = {
						CreatedOnToolsVersion = 14.0.1;
					};
				};
			};
			buildConfigurationList = 70C58CF02901814B00062A29 /* Build configuration list for PBXProject "Images" */;
			compatibilityVersion = "Xcode 14.0";
			developmentRegion = en;
			hasScannedForEncodings = 0;
			knownRegions = (
				en,
				Base,
			);
			mainGroup = 70C58CEC2901814B00062A29;
			productRefGroup = 70C58CF62901814B00062A29 /* Products */;
			projectDirPath = "";
			projectRoot = "";
			targets = (
				70C58CF42901814B00062A29 /* Images */,
			);
		};
/* End PBXProject section */

/* Begin PBXResourcesBuildPhase section */
		70C58CF32901814B00062A29 /* Resources */ = {
			isa = PBXResourcesBuildPhase;
			buildActionMask = 2147483647;
			files = (
				70C58D0F2901851700062A29 /* .gitignore in Resources */,
				70C58D052901814C00062A29 /* LaunchScreen.storyboard in Resources */,
				70C58D022901814C00062A29 /* Assets.xcassets in Resources */,
			);
			runOnlyForDeploymentPostprocessing = 0;
		};
/* End PBXResourcesBuildPhase section */

/* Begin PBXSourcesBuildPhase section */
		70C58CF12901814B00062A29 /* Sources */ = {
			isa = PBXSourcesBuildPhase;
			buildActionMask = 2147483647;
			files = (
				701ED89C291CC0FA0007BB63 /* NetworkDataFetcher.swift in Sources */,
				70C58D1329018BC000062A29 /* ViewController.swift in Sources */,
				70C58CF92901814B00062A29 /* AppDelegate.swift in Sources */,
				70C58D0D290183C400062A29 /* MainTabBarController.swift in Sources */,
				70C58D1129018AE000062A29 /* ImagesCollectionViewController.swift in Sources */,
				701F6359290AE42600E3AF95 /* NetworkService.swift in Sources */,
				701ED89E291CC1D60007BB63 /* SearchResults.swift in Sources */,
				70C58CFB2901814B00062A29 /* SceneDelegate.swift in Sources */,
			);
			runOnlyForDeploymentPostprocessing = 0;
		};
/* End PBXSourcesBuildPhase section */

/* Begin PBXVariantGroup section */
		70C58D032901814C00062A29 /* LaunchScreen.storyboard */ = {
			isa = PBXVariantGroup;
			children = (
				70C58D042901814C00062A29 /* Base */,
			);
			name = LaunchScreen.storyboard;
			sourceTree = "<group>";
		};
/* End PBXVariantGroup section */

/* Begin XCBuildConfiguration section */
		70C58D072901814C00062A29 /* Debug */ = {
			isa = XCBuildConfiguration;
			buildSettings = {
				ALWAYS_SEARCH_USER_PATHS = NO;
				CLANG_ANALYZER_NONNULL = YES;
				CLANG_ANALYZER_NUMBER_OBJECT_CONVERSION = YES_AGGRESSIVE;
				CLANG_CXX_LANGUAGE_STANDARD = "gnu++20";
				CLANG_ENABLE_MODULES = YES;
				CLANG_ENABLE_OBJC_ARC = YES;
				CLANG_ENABLE_OBJC_WEAK = YES;
				CLANG_WARN_BLOCK_CAPTURE_AUTORELEASING = YES;
				CLANG_WARN_BOOL_CONVERSION = YES;
				CLANG_WARN_COMMA = YES;
				CLANG_WARN_CONSTANT_CONVERSION = YES;
				CLANG_WARN_DEPRECATED_OBJC_IMPLEMENTATIONS = YES;
				CLANG_WARN_DIRECT_OBJC_ISA_USAGE = YES_ERROR;
				CLANG_WARN_DOCUMENTATION_COMMENTS = YES;
				CLANG_WARN_EMPTY_BODY = YES;
				CLANG_WARN_ENUM_CONVERSION = YES;
				CLANG_WARN_INFINITE_RECURSION = YES;
				CLANG_WARN_INT_CONVERSION = YES;
				CLANG_WARN_NON_LITERAL_NULL_CONVERSION = YES;
				CLANG_WARN_OBJC_IMPLICIT_RETAIN_SELF = YES;
				CLANG_WARN_OBJC_LITERAL_CONVERSION = YES;
				CLANG_WARN_OBJC_ROOT_CLASS = YES_ERROR;
				CLANG_WARN_QUOTED_INCLUDE_IN_FRAMEWORK_HEADER = YES;
				CLANG_WARN_RANGE_LOOP_ANALYSIS = YES;
				CLANG_WARN_STRICT_PROTOTYPES = YES;
				CLANG_WARN_SUSPICIOUS_MOVE = YES;
				CLANG_WARN_UNGUARDED_AVAILABILITY = YES_AGGRESSIVE;
				CLANG_WARN_UNREACHABLE_CODE = YES;
				CLANG_WARN__DUPLICATE_METHOD_MATCH = YES;
				COPY_PHASE_STRIP = NO;
				DEBUG_INFORMATION_FORMAT = dwarf;
				ENABLE_STRICT_OBJC_MSGSEND = YES;
				ENABLE_TESTABILITY = YES;
				GCC_C_LANGUAGE_STANDARD = gnu11;
				GCC_DYNAMIC_NO_PIC = NO;
				GCC_NO_COMMON_BLOCKS = YES;
				GCC_OPTIMIZATION_LEVEL = 0;
				GCC_PREPROCESSOR_DEFINITIONS = (
					"DEBUG=1",
					"$(inherited)",
				);
				GCC_WARN_64_TO_32_BIT_CONVERSION = YES;
				GCC_WARN_ABOUT_RETURN_TYPE = YES_ERROR;
				GCC_WARN_UNDECLARED_SELECTOR = YES;
				GCC_WARN_UNINITIALIZED_AUTOS = YES_AGGRESSIVE;
				GCC_WARN_UNUSED_FUNCTION = YES;
				GCC_WARN_UNUSED_VARIABLE = YES;
				IPHONEOS_DEPLOYMENT_TARGET = 16.0;
				MTL_ENABLE_DEBUG_INFO = INCLUDE_SOURCE;
				MTL_FAST_MATH = YES;
				ONLY_ACTIVE_ARCH = YES;
				SDKROOT = iphoneos;
				SWIFT_ACTIVE_COMPILATION_CONDITIONS = DEBUG;
				SWIFT_OPTIMIZATION_LEVEL = "-Onone";
			};
			name = Debug;
		};
		70C58D082901814C00062A29 /* Release */ = {
			isa = XCBuildConfiguration;
			buildSettings = {
				ALWAYS_SEARCH_USER_PATHS = NO;
				CLANG_ANALYZER_NONNULL = YES;
				CLANG_ANALYZER_NUMBER_OBJECT_CONVERSION = YES_AGGRESSIVE;
				CLANG_CXX_LANGUAGE_STANDARD = "gnu++20";
				CLANG_ENABLE_MODULES = YES;
				CLANG_ENABLE_OBJC_ARC = YES;
				CLANG_ENABLE_OBJC_WEAK = YES;
				CLANG_WARN_BLOCK_CAPTURE_AUTORELEASING = YES;
				CLANG_WARN_BOOL_CONVERSION = YES;
				CLANG_WARN_COMMA = YES;
				CLANG_WARN_CONSTANT_CONVERSION = YES;
				CLANG_WARN_DEPRECATED_OBJC_IMPLEMENTATIONS = YES;
				CLANG_WARN_DIRECT_OBJC_ISA_USAGE = YES_ERROR;
				CLANG_WARN_DOCUMENTATION_COMMENTS = YES;
				CLANG_WARN_EMPTY_BODY = YES;
				CLANG_WARN_ENUM_CONVERSION = YES;
				CLANG_WARN_INFINITE_RECURSION = YES;
				CLANG_WARN_INT_CONVERSION = YES;
				CLANG_WARN_NON_LITERAL_NULL_CONVERSION = YES;
				CLANG_WARN_OBJC_IMPLICIT_RETAIN_SELF = YES;
				CLANG_WARN_OBJC_LITERAL_CONVERSION = YES;
				CLANG_WARN_OBJC_ROOT_CLASS = YES_ERROR;
				CLANG_WARN_QUOTED_INCLUDE_IN_FRAMEWORK_HEADER = YES;
				CLANG_WARN_RANGE_LOOP_ANALYSIS = YES;
				CLANG_WARN_STRICT_PROTOTYPES = YES;
				CLANG_WARN_SUSPICIOUS_MOVE = YES;
				CLANG_WARN_UNGUARDED_AVAILABILITY = YES_AGGRESSIVE;
				CLANG_WARN_UNREACHABLE_CODE = YES;
				CLANG_WARN__DUPLICATE_METHOD_MATCH = YES;
				COPY_PHASE_STRIP = NO;
				DEBUG_INFORMATION_FORMAT = "dwarf-with-dsym";
				ENABLE_NS_ASSERTIONS = NO;
				ENABLE_STRICT_OBJC_MSGSEND = YES;
				GCC_C_LANGUAGE_STANDARD = gnu11;
				GCC_NO_COMMON_BLOCKS = YES;
				GCC_WARN_64_TO_32_BIT_CONVERSION = YES;
				GCC_WARN_ABOUT_RETURN_TYPE = YES_ERROR;
				GCC_WARN_UNDECLARED_SELECTOR = YES;
				GCC_WARN_UNINITIALIZED_AUTOS = YES_AGGRESSIVE;
				GCC_WARN_UNUSED_FUNCTION = YES;
				GCC_WARN_UNUSED_VARIABLE = YES;
				IPHONEOS_DEPLOYMENT_TARGET = 16.0;
				MTL_ENABLE_DEBUG_INFO = NO;
				MTL_FAST_MATH = YES;
				SDKROOT = iphoneos;
				SWIFT_COMPILATION_MODE = wholemodule;
				SWIFT_OPTIMIZATION_LEVEL = "-O";
				VALIDATE_PRODUCT = YES;
			};
			name = Release;
		};
		70C58D0A2901814C00062A29 /* Debug */ = {
			isa = XCBuildConfiguration;
			buildSettings = {
				ASSETCATALOG_COMPILER_APPICON_NAME = AppIcon;
				ASSETCATALOG_COMPILER_GLOBAL_ACCENT_COLOR_NAME = AccentColor;
				CODE_SIGN_STYLE = Automatic;
				CURRENT_PROJECT_VERSION = 1;
				DEVELOPMENT_TEAM = 6PB4D5QX22;
				GENERATE_INFOPLIST_FILE = YES;
				INFOPLIST_FILE = Images/Info.plist;
				INFOPLIST_KEY_UIApplicationSupportsIndirectInputEvents = YES;
				INFOPLIST_KEY_UILaunchStoryboardName = LaunchScreen;
				INFOPLIST_KEY_UISupportedInterfaceOrientations = UIInterfaceOrientationPortrait;
				LD_RUNPATH_SEARCH_PATHS = (
					"$(inherited)",
					"@executable_path/Frameworks",
				);
				MARKETING_VERSION = 1.0;
				PRODUCT_BUNDLE_IDENTIFIER = com.mr.kelma.Images;
				PRODUCT_NAME = "$(TARGET_NAME)";
				SUPPORTED_PLATFORMS = "iphoneos iphonesimulator";
				SUPPORTS_MACCATALYST = NO;
				SUPPORTS_MAC_DESIGNED_FOR_IPHONE_IPAD = NO;
				SWIFT_EMIT_LOC_STRINGS = YES;
				SWIFT_VERSION = 5.0;
				TARGETED_DEVICE_FAMILY = 1;
			};
			name = Debug;
		};
		70C58D0B2901814C00062A29 /* Release */ = {
			isa = XCBuildConfiguration;
			buildSettings = {
				ASSETCATALOG_COMPILER_APPICON_NAME = AppIcon;
				ASSETCATALOG_COMPILER_GLOBAL_ACCENT_COLOR_NAME = AccentColor;
				CODE_SIGN_STYLE = Automatic;
				CURRENT_PROJECT_VERSION = 1;
				DEVELOPMENT_TEAM = 6PB4D5QX22;
				GENERATE_INFOPLIST_FILE = YES;
				INFOPLIST_FILE = Images/Info.plist;
				INFOPLIST_KEY_UIApplicationSupportsIndirectInputEvents = YES;
				INFOPLIST_KEY_UILaunchStoryboardName = LaunchScreen;
				INFOPLIST_KEY_UISupportedInterfaceOrientations = UIInterfaceOrientationPortrait;
				LD_RUNPATH_SEARCH_PATHS = (
					"$(inherited)",
					"@executable_path/Frameworks",
				);
				MARKETING_VERSION = 1.0;
				PRODUCT_BUNDLE_IDENTIFIER = com.mr.kelma.Images;
				PRODUCT_NAME = "$(TARGET_NAME)";
				SUPPORTED_PLATFORMS = "iphoneos iphonesimulator";
				SUPPORTS_MACCATALYST = NO;
				SUPPORTS_MAC_DESIGNED_FOR_IPHONE_IPAD = NO;
				SWIFT_EMIT_LOC_STRINGS = YES;
				SWIFT_VERSION = 5.0;
				TARGETED_DEVICE_FAMILY = 1;
			};
			name = Release;
		};
/* End XCBuildConfiguration section */

/* Begin XCConfigurationList section */
		70C58CF02901814B00062A29 /* Build configuration list for PBXProject "Images" */ = {
			isa = XCConfigurationList;
			buildConfigurations = (
				70C58D072901814C00062A29 /* Debug */,
				70C58D082901814C00062A29 /* Release */,
			);
			defaultConfigurationIsVisible = 0;
			defaultConfigurationName = Release;
		};
		70C58D092901814C00062A29 /* Build configuration list for PBXNativeTarget "Images" */ = {
			isa = XCConfigurationList;
			buildConfigurations = (
				70C58D0A2901814C00062A29 /* Debug */,
				70C58D0B2901814C00062A29 /* Release */,
			);
			defaultConfigurationIsVisible = 0;
			defaultConfigurationName = Release;
		};
/* End XCConfigurationList section */
	};
	rootObject = 70C58CED2901814B00062A29 /* Project object */;
}
